<?xml version="1.0" encoding="utf-8"?>
<Project ToolsVersion="4.0" xmlns="http://schemas.microsoft.com/developer/msbuild/2003">
  <ItemGroup>
    <ClCompile Include="src\audio_engine.cpp" />
    <ClCompile Include="src\main.cpp" />
    <ClCompile Include="src\ui.cpp" />
    <ClCompile Include="src\entity\monster.cpp" />
    <ClCompile Include="src\entity\player.cpp" />
    <ClCompile Include="src\entity\entity.cpp" />
    <ClCompile Include="src\encounter\encounter.cpp" />
    <ClCompile Include="src\encounter\battle_encounter.cpp" />
    <ClCompile Include="src\action\attack.cpp" />
    <ClCompile Include="src\action\block.cpp" />
  </ItemGroup>
  <ItemGroup>
    <ClInclude Include="src\audio_engine.h" />
    <ClInclude Include="src\ui.h" />
    <ClInclude Include="src\entity\monster.h" />
    <ClInclude Include="src\entity\player.h" />
    <ClInclude Include="src\entity\entity.h" />
    <ClInclude Include="src\encounter\encounter.h" />
    <ClInclude Include="src\encounter\battle_encounter.h" />
    <ClInclude Include="src\action\action.h" />
    <ClInclude Include="src\action\attack.h" />
    <ClInclude Include="src\action\block.h" />
  </ItemGroup>
</Project>